
Microsoft Visual Studio Solution File, Format Version 12.00
# Visual Studio Version 16
VisualStudioVersion = 16.0.31402.337
MinimumVisualStudioVersion = 10.0.40219.1
Project("{FAE04EC0-301F-11D3-BF4B-00C04F79EFBC}") = "DarkModeTheme", "DarkModeTheme\DarkModeTheme.csproj", "{1B976500-BE1F-4803-BF5C-F14FD596BBD2}"
EndProject
Global
	GlobalSection(SolutionConfigurationPlatforms) = preSolution
		Debug|Any CPU = Debug|Any CPU
		Release|Any CPU = Release|Any CPU
	EndGlobalSection
	GlobalSection(ProjectConfigurationPlatforms) = postSolution
		{1B976500-BE1F-4803-BF5C-F14FD596BBD2}.Debug|Any CPU.ActiveCfg = Debug|Any CPU
		{1B976500-BE1F-4803-BF5C-F14FD596BBD2}.Debug|Any CPU.Build.0 = Debug|Any CPU
		{1B976500-BE1F-4803-BF5C-F14FD596BBD2}.Release|Any CPU.ActiveCfg = Release|Any CPU
		{1B976500-BE1F-4803-BF5C-F14FD596BBD2}.Release|Any CPU.Build.0 = Release|Any CPU
	EndGlobalSection
	GlobalSection(SolutionProperties) = preSolution
		HideSolutionNode = FALSE
	EndGlobalSection
	GlobalSection(ExtensibilityGlobals) = postSolution
		SolutionGuid = {7118CA76-C1F1-47AF-BF55-564324315BD3}
	EndGlobalSection
EndGlobal
